
Microsoft Visual Studio Solution File, Format Version 12.00
# Visual Studio Version 17
VisualStudioVersion = 17.0.31903.59
MinimumVisualStudioVersion = 10.0.40219.1
Project("{2150E333-8FDC-42A3-9474-1A3956D46DE8}") = "src", "src", "{827E0CD3-B72D-47B6-A68D-7590B98EB39B}"
EndProject
Project("{FAE04EC0-301F-11D3-BF4B-00C04F79EFBC}") = "GT.Api", "src\GT.Api\GT.Api.csproj", "{B0E758B1-A814-41A0-8D6A-0B847E6EEF09}"
EndProject
Project("{FAE04EC0-301F-11D3-BF4B-00C04F79EFBC}") = "GT.Application", "src\GT.Application\GT.Application.csproj", "{70D6DDCE-0C5E-4D94-A210-BF0E7C5E9611}"
EndProject
Project("{FAE04EC0-301F-11D3-BF4B-00C04F79EFBC}") = "GT.Domain", "src\GT.Domain\GT.Domain.csproj", "{4D9C2DA9-F03D-4ADF-8F17-14EB3EB38B86}"
EndProject
Project("{FAE04EC0-301F-11D3-BF4B-00C04F79EFBC}") = "GT.Infrastructure", "src\GT.Infrastructure\GT.Infrastructure.csproj", "{E7460EAE-FAAD-43A2-AA9D-F56E7AE68E2D}"
EndProject
Project("{2150E333-8FDC-42A3-9474-1A3956D46DE8}") = "tests", "tests", "{0AB3BF05-4346-4AA6-1389-037BE0695223}"
EndProject
Project("{FAE04EC0-301F-11D3-BF4B-00C04F79EFBC}") = "GT.UnitTests", "tests\GT.UnitTests\GT.UnitTests.csproj", "{0A4469B6-CF56-4E79-9E75-6F8CA98BE11D}"
EndProject
Project("{FAE04EC0-301F-11D3-BF4B-00C04F79EFBC}") = "GT.IntegrationTests", "tests\GT.IntegrationTests\GT.IntegrationTests.csproj", "{57E5C25E-785F-48CF-8A0E-C952FD6AB867}"
EndProject
Global
	GlobalSection(SolutionConfigurationPlatforms) = preSolution
		Debug|Any CPU = Debug|Any CPU
		Debug|x64 = Debug|x64
		Debug|x86 = Debug|x86
		Release|Any CPU = Release|Any CPU
		Release|x64 = Release|x64
		Release|x86 = Release|x86
	EndGlobalSection
	GlobalSection(ProjectConfigurationPlatforms) = postSolution
		{B0E758B1-A814-41A0-8D6A-0B847E6EEF09}.Debug|Any CPU.ActiveCfg = Debug|Any CPU
		{B0E758B1-A814-41A0-8D6A-0B847E6EEF09}.Debug|Any CPU.Build.0 = Debug|Any CPU
		{B0E758B1-A814-41A0-8D6A-0B847E6EEF09}.Debug|x64.ActiveCfg = Debug|Any CPU
		{B0E758B1-A814-41A0-8D6A-0B847E6EEF09}.Debug|x64.Build.0 = Debug|Any CPU
		{B0E758B1-A814-41A0-8D6A-0B847E6EEF09}.Debug|x86.ActiveCfg = Debug|Any CPU
		{B0E758B1-A814-41A0-8D6A-0B847E6EEF09}.Debug|x86.Build.0 = Debug|Any CPU
		{B0E758B1-A814-41A0-8D6A-0B847E6EEF09}.Release|Any CPU.ActiveCfg = Release|Any CPU
		{B0E758B1-A814-41A0-8D6A-0B847E6EEF09}.Release|Any CPU.Build.0 = Release|Any CPU
		{B0E758B1-A814-41A0-8D6A-0B847E6EEF09}.Release|x64.ActiveCfg = Release|Any CPU
		{B0E758B1-A814-41A0-8D6A-0B847E6EEF09}.Release|x64.Build.0 = Release|Any CPU
		{B0E758B1-A814-41A0-8D6A-0B847E6EEF09}.Release|x86.ActiveCfg = Release|Any CPU
		{B0E758B1-A814-41A0-8D6A-0B847E6EEF09}.Release|x86.Build.0 = Release|Any CPU
		{70D6DDCE-0C5E-4D94-A210-BF0E7C5E9611}.Debug|Any CPU.ActiveCfg = Debug|Any CPU
		{70D6DDCE-0C5E-4D94-A210-BF0E7C5E9611}.Debug|Any CPU.Build.0 = Debug|Any CPU
		{70D6DDCE-0C5E-4D94-A210-BF0E7C5E9611}.Debug|x64.ActiveCfg = Debug|Any CPU
		{70D6DDCE-0C5E-4D94-A210-BF0E7C5E9611}.Debug|x64.Build.0 = Debug|Any CPU
		{70D6DDCE-0C5E-4D94-A210-BF0E7C5E9611}.Debug|x86.ActiveCfg = Debug|Any CPU
		{70D6DDCE-0C5E-4D94-A210-BF0E7C5E9611}.Debug|x86.Build.0 = Debug|Any CPU
		{70D6DDCE-0C5E-4D94-A210-BF0E7C5E9611}.Release|Any CPU.ActiveCfg = Release|Any CPU
		{70D6DDCE-0C5E-4D94-A210-BF0E7C5E9611}.Release|Any CPU.Build.0 = Release|Any CPU
		{70D6DDCE-0C5E-4D94-A210-BF0E7C5E9611}.Release|x64.ActiveCfg = Release|Any CPU
		{70D6DDCE-0C5E-4D94-A210-BF0E7C5E9611}.Release|x64.Build.0 = Release|Any CPU
		{70D6DDCE-0C5E-4D94-A210-BF0E7C5E9611}.Release|x86.ActiveCfg = Release|Any CPU
		{70D6DDCE-0C5E-4D94-A210-BF0E7C5E9611}.Release|x86.Build.0 = Release|Any CPU
		{4D9C2DA9-F03D-4ADF-8F17-14EB3EB38B86}.Debug|Any CPU.ActiveCfg = Debug|Any CPU
		{4D9C2DA9-F03D-4ADF-8F17-14EB3EB38B86}.Debug|Any CPU.Build.0 = Debug|Any CPU
		{4D9C2DA9-F03D-4ADF-8F17-14EB3EB38B86}.Debug|x64.ActiveCfg = Debug|Any CPU
		{4D9C2DA9-F03D-4ADF-8F17-14EB3EB38B86}.Debug|x64.Build.0 = Debug|Any CPU
		{4D9C2DA9-F03D-4ADF-8F17-14EB3EB38B86}.Debug|x86.ActiveCfg = Debug|Any CPU
		{4D9C2DA9-F03D-4ADF-8F17-14EB3EB38B86}.Debug|x86.Build.0 = Debug|Any CPU
		{4D9C2DA9-F03D-4ADF-8F17-14EB3EB38B86}.Release|Any CPU.ActiveCfg = Release|Any CPU
		{4D9C2DA9-F03D-4ADF-8F17-14EB3EB38B86}.Release|Any CPU.Build.0 = Release|Any CPU
		{4D9C2DA9-F03D-4ADF-8F17-14EB3EB38B86}.Release|x64.ActiveCfg = Release|Any CPU
		{4D9C2DA9-F03D-4ADF-8F17-14EB3EB38B86}.Release|x64.Build.0 = Release|Any CPU
		{4D9C2DA9-F03D-4ADF-8F17-14EB3EB38B86}.Release|x86.ActiveCfg = Release|Any CPU
		{4D9C2DA9-F03D-4ADF-8F17-14EB3EB38B86}.Release|x86.Build.0 = Release|Any CPU
		{E7460EAE-FAAD-43A2-AA9D-F56E7AE68E2D}.Debug|Any CPU.ActiveCfg = Debug|Any CPU
		{E7460EAE-FAAD-43A2-AA9D-F56E7AE68E2D}.Debug|Any CPU.Build.0 = Debug|Any CPU
		{E7460EAE-FAAD-43A2-AA9D-F56E7AE68E2D}.Debug|x64.ActiveCfg = Debug|Any CPU
		{E7460EAE-FAAD-43A2-AA9D-F56E7AE68E2D}.Debug|x64.Build.0 = Debug|Any CPU
		{E7460EAE-FAAD-43A2-AA9D-F56E7AE68E2D}.Debug|x86.ActiveCfg = Debug|Any CPU
		{E7460EAE-FAAD-43A2-AA9D-F56E7AE68E2D}.Debug|x86.Build.0 = Debug|Any CPU
		{E7460EAE-FAAD-43A2-AA9D-F56E7AE68E2D}.Release|Any CPU.ActiveCfg = Release|Any CPU
		{E7460EAE-FAAD-43A2-AA9D-F56E7AE68E2D}.Release|Any CPU.Build.0 = Release|Any CPU
		{E7460EAE-FAAD-43A2-AA9D-F56E7AE68E2D}.Release|x64.ActiveCfg = Release|Any CPU
		{E7460EAE-FAAD-43A2-AA9D-F56E7AE68E2D}.Release|x64.Build.0 = Release|Any CPU
		{E7460EAE-FAAD-43A2-AA9D-F56E7AE68E2D}.Release|x86.ActiveCfg = Release|Any CPU
		{E7460EAE-FAAD-43A2-AA9D-F56E7AE68E2D}.Release|x86.Build.0 = Release|Any CPU
		{0A4469B6-CF56-4E79-9E75-6F8CA98BE11D}.Debug|Any CPU.ActiveCfg = Debug|Any CPU
		{0A4469B6-CF56-4E79-9E75-6F8CA98BE11D}.Debug|Any CPU.Build.0 = Debug|Any CPU
		{0A4469B6-CF56-4E79-9E75-6F8CA98BE11D}.Debug|x64.ActiveCfg = Debug|Any CPU
		{0A4469B6-CF56-4E79-9E75-6F8CA98BE11D}.Debug|x64.Build.0 = Debug|Any CPU
		{0A4469B6-CF56-4E79-9E75-6F8CA98BE11D}.Debug|x86.ActiveCfg = Debug|Any CPU
		{0A4469B6-CF56-4E79-9E75-6F8CA98BE11D}.Debug|x86.Build.0 = Debug|Any CPU
		{0A4469B6-CF56-4E79-9E75-6F8CA98BE11D}.Release|Any CPU.ActiveCfg = Release|Any CPU
		{0A4469B6-CF56-4E79-9E75-6F8CA98BE11D}.Release|Any CPU.Build.0 = Release|Any CPU
		{0A4469B6-CF56-4E79-9E75-6F8CA98BE11D}.Release|x64.ActiveCfg = Release|Any CPU
		{0A4469B6-CF56-4E79-9E75-6F8CA98BE11D}.Release|x64.Build.0 = Release|Any CPU
		{0A4469B6-CF56-4E79-9E75-6F8CA98BE11D}.Release|x86.ActiveCfg = Release|Any CPU
		{0A4469B6-CF56-4E79-9E75-6F8CA98BE11D}.Release|x86.Build.0 = Release|Any CPU
		{57E5C25E-785F-48CF-8A0E-C952FD6AB867}.Debug|Any CPU.ActiveCfg = Debug|Any CPU
		{57E5C25E-785F-48CF-8A0E-C952FD6AB867}.Debug|Any CPU.Build.0 = Debug|Any CPU
		{57E5C25E-785F-48CF-8A0E-C952FD6AB867}.Debug|x64.ActiveCfg = Debug|Any CPU
		{57E5C25E-785F-48CF-8A0E-C952FD6AB867}.Debug|x64.Build.0 = Debug|Any CPU
		{57E5C25E-785F-48CF-8A0E-C952FD6AB867}.Debug|x86.ActiveCfg = Debug|Any CPU
		{57E5C25E-785F-48CF-8A0E-C952FD6AB867}.Debug|x86.Build.0 = Debug|Any CPU
		{57E5C25E-785F-48CF-8A0E-C952FD6AB867}.Release|Any CPU.ActiveCfg = Release|Any CPU
		{57E5C25E-785F-48CF-8A0E-C952FD6AB867}.Release|Any CPU.Build.0 = Release|Any CPU
		{57E5C25E-785F-48CF-8A0E-C952FD6AB867}.Release|x64.ActiveCfg = Release|Any CPU
		{57E5C25E-785F-48CF-8A0E-C952FD6AB867}.Release|x64.Build.0 = Release|Any CPU
		{57E5C25E-785F-48CF-8A0E-C952FD6AB867}.Release|x86.ActiveCfg = Release|Any CPU
		{57E5C25E-785F-48CF-8A0E-C952FD6AB867}.Release|x86.Build.0 = Release|Any CPU
	EndGlobalSection
	GlobalSection(SolutionProperties) = preSolution
		HideSolutionNode = FALSE
	EndGlobalSection
	GlobalSection(NestedProjects) = preSolution
		{B0E758B1-A814-41A0-8D6A-0B847E6EEF09} = {827E0CD3-B72D-47B6-A68D-7590B98EB39B}
		{70D6DDCE-0C5E-4D94-A210-BF0E7C5E9611} = {827E0CD3-B72D-47B6-A68D-7590B98EB39B}
		{4D9C2DA9-F03D-4ADF-8F17-14EB3EB38B86} = {827E0CD3-B72D-47B6-A68D-7590B98EB39B}
		{E7460EAE-FAAD-43A2-AA9D-F56E7AE68E2D} = {827E0CD3-B72D-47B6-A68D-7590B98EB39B}
		{0A4469B6-CF56-4E79-9E75-6F8CA98BE11D} = {0AB3BF05-4346-4AA6-1389-037BE0695223}
		{57E5C25E-785F-48CF-8A0E-C952FD6AB867} = {0AB3BF05-4346-4AA6-1389-037BE0695223}
	EndGlobalSection
EndGlobal
